
Microsoft Visual Studio Solution File, Format Version 10.00
# Visual Studio 2008
Project("{8BC9CEB8-8B4A-11D0-8D11-00A0C91BC942}") = "GetMacAddress", "GetMacAddress\GetMacAddress.vcproj", "{1EF407C9-5A45-4910-874C-652217810FB0}"
EndProject
Global
	GlobalSection(SolutionConfigurationPlatforms) = preSolution
		Debug|Win32 = Debug|Win32
		Release|Win32 = Release|Win32
	EndGlobalSection
	GlobalSection(ProjectConfigurationPlatforms) = postSolution
		{1EF407C9-5A45-4910-874C-652217810FB0}.Debug|Win32.ActiveCfg = Debug|Win32
		{1EF407C9-5A45-4910-874C-652217810FB0}.Debug|Win32.Build.0 = Debug|Win32
		{1EF407C9-5A45-4910-874C-652217810FB0}.Release|Win32.ActiveCfg = Release|Win32
		{1EF407C9-5A45-4910-874C-652217810FB0}.Release|Win32.Build.0 = Release|Win32
	EndGlobalSection
	GlobalSection(SolutionProperties) = preSolution
		HideSolutionNode = FALSE
	EndGlobalSection
EndGlobal
